// !$*UTF8*$!
{
	archiveVersion = 1;
	classes = {
	};
	objectVersion = 56;
	objects = {

/* Begin PBXBuildFile section */
		D502B980290EFE4000FF8463 /* main.cpp in Sources */ = {isa = PBXBuildFile; fileRef = D502B97F290EFE4000FF8463 /* main.cpp */; };
		D502B988290EFEBF00FF8463 /* GLUT.framework in Frameworks */ = {isa = PBXBuildFile; fileRef = D502B987290EFEBF00FF8463 /* GLUT.framework */; };
		D502B98A290EFEC500FF8463 /* OpenGL.framework in Frameworks */ = {isa = PBXBuildFile; fileRef = D502B989290EFEC500FF8463 /* OpenGL.framework */; };
		D502B993290F20B700FF8463 /* point.cpp in Sources */ = {isa = PBXBuildFile; fileRef = D502B991290F20B700FF8463 /* point.cpp */; };
		D502B996290F220B00FF8463 /* color.cpp in Sources */ = {isa = PBXBuildFile; fileRef = D502B994290F220B00FF8463 /* color.cpp */; };
		D53561D82924FFAA008F4DEF /* main.cpp in Sources */ = {isa = PBXBuildFile; fileRef = D53561D72924FFAA008F4DEF /* main.cpp */; };
		D53561DC2925000C008F4DEF /* OpenGL.framework in Frameworks */ = {isa = PBXBuildFile; fileRef = D502B989290EFEC500FF8463 /* OpenGL.framework */; };
		D53561DD29250013008F4DEF /* GLUT.framework in Frameworks */ = {isa = PBXBuildFile; fileRef = D502B987290EFEBF00FF8463 /* GLUT.framework */; };
		D53561DE292500BB008F4DEF /* vector.cpp in Sources */ = {isa = PBXBuildFile; fileRef = D53561CE2924FDB8008F4DEF /* vector.cpp */; };
/* End PBXBuildFile section */

/* Begin PBXCopyFilesBuildPhase section */
		D502B97A290EFE4000FF8463 /* CopyFiles */ = {
			isa = PBXCopyFilesBuildPhase;
			buildActionMask = 2147483647;
			dstPath = /usr/share/man/man1/;
			dstSubfolderSpec = 0;
			files = (
			);
			runOnlyForDeploymentPostprocessing = 1;
		};
		D53561D32924FFAA008F4DEF /* CopyFiles */ = {
			isa = PBXCopyFilesBuildPhase;
			buildActionMask = 2147483647;
			dstPath = /usr/share/man/man1/;
			dstSubfolderSpec = 0;
			files = (
			);
			runOnlyForDeploymentPostprocessing = 1;
		};
/* End PBXCopyFilesBuildPhase section */

/* Begin PBXFileReference section */
		D502B97C290EFE4000FF8463 /* OpGL */ = {isa = PBXFileReference; explicitFileType = "compiled.mach-o.executable"; includeInIndex = 0; path = OpGL; sourceTree = BUILT_PRODUCTS_DIR; };
		D502B97F290EFE4000FF8463 /* main.cpp */ = {isa = PBXFileReference; lastKnownFileType = sourcecode.cpp.cpp; path = main.cpp; sourceTree = "<group>"; };
		D502B987290EFEBF00FF8463 /* GLUT.framework */ = {isa = PBXFileReference; lastKnownFileType = wrapper.framework; name = GLUT.framework; path = System/Library/Frameworks/GLUT.framework; sourceTree = SDKROOT; };
		D502B989290EFEC500FF8463 /* OpenGL.framework */ = {isa = PBXFileReference; lastKnownFileType = wrapper.framework; name = OpenGL.framework; path = System/Library/Frameworks/OpenGL.framework; sourceTree = SDKROOT; };
		D502B991290F20B700FF8463 /* point.cpp */ = {isa = PBXFileReference; lastKnownFileType = sourcecode.cpp.cpp; path = point.cpp; sourceTree = "<group>"; };
		D502B992290F20B700FF8463 /* point.hpp */ = {isa = PBXFileReference; lastKnownFileType = sourcecode.cpp.h; path = point.hpp; sourceTree = "<group>"; };
		D502B994290F220B00FF8463 /* color.cpp */ = {isa = PBXFileReference; lastKnownFileType = sourcecode.cpp.cpp; path = color.cpp; sourceTree = "<group>"; };
		D502B995290F220B00FF8463 /* color.hpp */ = {isa = PBXFileReference; lastKnownFileType = sourcecode.cpp.h; path = color.hpp; sourceTree = "<group>"; };
		D53561CE2924FDB8008F4DEF /* vector.cpp */ = {isa = PBXFileReference; lastKnownFileType = sourcecode.cpp.cpp; path = vector.cpp; sourceTree = "<group>"; };
		D53561CF2924FDB8008F4DEF /* vector.hpp */ = {isa = PBXFileReference; lastKnownFileType = sourcecode.cpp.h; path = vector.hpp; sourceTree = "<group>"; };
		D53561D52924FFAA008F4DEF /* Solar */ = {isa = PBXFileReference; explicitFileType = "compiled.mach-o.executable"; includeInIndex = 0; path = Solar; sourceTree = BUILT_PRODUCTS_DIR; };
		D53561D72924FFAA008F4DEF /* main.cpp */ = {isa = PBXFileReference; lastKnownFileType = sourcecode.cpp.cpp; path = main.cpp; sourceTree = "<group>"; };
/* End PBXFileReference section */

/* Begin PBXFrameworksBuildPhase section */
		D502B979290EFE4000FF8463 /* Frameworks */ = {
			isa = PBXFrameworksBuildPhase;
			buildActionMask = 2147483647;
			files = (
				D502B98A290EFEC500FF8463 /* OpenGL.framework in Frameworks */,
				D502B988290EFEBF00FF8463 /* GLUT.framework in Frameworks */,
			);
			runOnlyForDeploymentPostprocessing = 0;
		};
		D53561D22924FFAA008F4DEF /* Frameworks */ = {
			isa = PBXFrameworksBuildPhase;
			buildActionMask = 2147483647;
			files = (
				D53561DD29250013008F4DEF /* GLUT.framework in Frameworks */,
				D53561DC2925000C008F4DEF /* OpenGL.framework in Frameworks */,
			);
			runOnlyForDeploymentPostprocessing = 0;
		};
/* End PBXFrameworksBuildPhase section */

/* Begin PBXGroup section */
		D502B973290EFE4000FF8463 = {
			isa = PBXGroup;
			children = (
				D502B97E290EFE4000FF8463 /* OpGL */,
				D53561D62924FFAA008F4DEF /* Solar */,
				D502B97D290EFE4000FF8463 /* Products */,
				D502B986290EFEBF00FF8463 /* Frameworks */,
			);
			sourceTree = "<group>";
		};
		D502B97D290EFE4000FF8463 /* Products */ = {
			isa = PBXGroup;
			children = (
				D502B97C290EFE4000FF8463 /* OpGL */,
				D53561D52924FFAA008F4DEF /* Solar */,
			);
			name = Products;
			sourceTree = "<group>";
		};
		D502B97E290EFE4000FF8463 /* OpGL */ = {
			isa = PBXGroup;
			children = (
				D502B97F290EFE4000FF8463 /* main.cpp */,
				D502B994290F220B00FF8463 /* color.cpp */,
				D502B995290F220B00FF8463 /* color.hpp */,
				D502B991290F20B700FF8463 /* point.cpp */,
				D502B992290F20B700FF8463 /* point.hpp */,
			);
			path = OpGL;
			sourceTree = "<group>";
		};
		D502B986290EFEBF00FF8463 /* Frameworks */ = {
			isa = PBXGroup;
			children = (
				D502B989290EFEC500FF8463 /* OpenGL.framework */,
				D502B987290EFEBF00FF8463 /* GLUT.framework */,
			);
			name = Frameworks;
			sourceTree = "<group>";
		};
		D53561D62924FFAA008F4DEF /* Solar */ = {
			isa = PBXGroup;
			children = (
				D53561CE2924FDB8008F4DEF /* vector.cpp */,
				D53561CF2924FDB8008F4DEF /* vector.hpp */,
				D53561D72924FFAA008F4DEF /* main.cpp */,
			);
			path = Solar;
			sourceTree = "<group>";
		};
/* End PBXGroup section */

/* Begin PBXNativeTarget section */
		D502B97B290EFE4000FF8463 /* OpGL */ = {
			isa = PBXNativeTarget;
			buildConfigurationList = D502B983290EFE4000FF8463 /* Build configuration list for PBXNativeTarget "OpGL" */;
			buildPhases = (
				D502B978290EFE4000FF8463 /* Sources */,
				D502B979290EFE4000FF8463 /* Frameworks */,
				D502B97A290EFE4000FF8463 /* CopyFiles */,
			);
			buildRules = (
			);
			dependencies = (
			);
			name = OpGL;
			productName = OpGL;
			productReference = D502B97C290EFE4000FF8463 /* OpGL */;
			productType = "com.apple.product-type.tool";
		};
		D53561D42924FFAA008F4DEF /* Solar */ = {
			isa = PBXNativeTarget;
			buildConfigurationList = D53561D92924FFAA008F4DEF /* Build configuration list for PBXNativeTarget "Solar" */;
			buildPhases = (
				D53561D12924FFAA008F4DEF /* Sources */,
				D53561D22924FFAA008F4DEF /* Frameworks */,
				D53561D32924FFAA008F4DEF /* CopyFiles */,
			);
			buildRules = (
			);
			dependencies = (
			);
			name = Solar;
			productName = Solar;
			productReference = D53561D52924FFAA008F4DEF /* Solar */;
			productType = "com.apple.product-type.tool";
		};
/* End PBXNativeTarget section */

/* Begin PBXProject section */
		D502B974290EFE4000FF8463 /* Project object */ = {
			isa = PBXProject;
			attributes = {
				BuildIndependentTargetsInParallel = 1;
				LastUpgradeCheck = 1410;
				TargetAttributes = {
					D502B97B290EFE4000FF8463 = {
						CreatedOnToolsVersion = 14.0.1;
					};
					D53561D42924FFAA008F4DEF = {
						CreatedOnToolsVersion = 14.1;
					};
				};
			};
			buildConfigurationList = D502B977290EFE4000FF8463 /* Build configuration list for PBXProject "OpGL" */;
			compatibilityVersion = "Xcode 14.0";
			developmentRegion = en;
			hasScannedForEncodings = 0;
			knownRegions = (
				en,
				Base,
			);
			mainGroup = D502B973290EFE4000FF8463;
			productRefGroup = D502B97D290EFE4000FF8463 /* Products */;
			projectDirPath = "";
			projectRoot = "";
			targets = (
				D502B97B290EFE4000FF8463 /* OpGL */,
				D53561D42924FFAA008F4DEF /* Solar */,
			);
		};
/* End PBXProject section */

/* Begin PBXSourcesBuildPhase section */
		D502B978290EFE4000FF8463 /* Sources */ = {
			isa = PBXSourcesBuildPhase;
			buildActionMask = 2147483647;
			files = (
				D502B996290F220B00FF8463 /* color.cpp in Sources */,
				D502B993290F20B700FF8463 /* point.cpp in Sources */,
				D502B980290EFE4000FF8463 /* main.cpp in Sources */,
			);
			runOnlyForDeploymentPostprocessing = 0;
		};
		D53561D12924FFAA008F4DEF /* Sources */ = {
			isa = PBXSourcesBuildPhase;
			buildActionMask = 2147483647;
			files = (
				D53561DE292500BB008F4DEF /* vector.cpp in Sources */,
				D53561D82924FFAA008F4DEF /* main.cpp in Sources */,
			);
			runOnlyForDeploymentPostprocessing = 0;
		};
/* End PBXSourcesBuildPhase section */

/* Begin XCBuildConfiguration section */
		D502B981290EFE4000FF8463 /* Debug */ = {
			isa = XCBuildConfiguration;
			buildSettings = {
				ALWAYS_SEARCH_USER_PATHS = NO;
				CLANG_ANALYZER_NONNULL = YES;
				CLANG_ANALYZER_NUMBER_OBJECT_CONVERSION = YES_AGGRESSIVE;
				CLANG_CXX_LANGUAGE_STANDARD = "gnu++20";
				CLANG_ENABLE_MODULES = YES;
				CLANG_ENABLE_OBJC_ARC = YES;
				CLANG_ENABLE_OBJC_WEAK = YES;
				CLANG_WARN_BLOCK_CAPTURE_AUTORELEASING = YES;
				CLANG_WARN_BOOL_CONVERSION = YES;
				CLANG_WARN_COMMA = YES;
				CLANG_WARN_CONSTANT_CONVERSION = YES;
				CLANG_WARN_DEPRECATED_OBJC_IMPLEMENTATIONS = YES;
				CLANG_WARN_DIRECT_OBJC_ISA_USAGE = YES_ERROR;
				CLANG_WARN_DOCUMENTATION_COMMENTS = YES;
				CLANG_WARN_EMPTY_BODY = YES;
				CLANG_WARN_ENUM_CONVERSION = YES;
				CLANG_WARN_INFINITE_RECURSION = YES;
				CLANG_WARN_INT_CONVERSION = YES;
				CLANG_WARN_NON_LITERAL_NULL_CONVERSION = YES;
				CLANG_WARN_OBJC_IMPLICIT_RETAIN_SELF = YES;
				CLANG_WARN_OBJC_LITERAL_CONVERSION = YES;
				CLANG_WARN_OBJC_ROOT_CLASS = YES_ERROR;
				CLANG_WARN_QUOTED_INCLUDE_IN_FRAMEWORK_HEADER = YES;
				CLANG_WARN_RANGE_LOOP_ANALYSIS = YES;
				CLANG_WARN_STRICT_PROTOTYPES = YES;
				CLANG_WARN_SUSPICIOUS_MOVE = YES;
				CLANG_WARN_UNGUARDED_AVAILABILITY = YES_AGGRESSIVE;
				CLANG_WARN_UNREACHABLE_CODE = YES;
				CLANG_WARN__DUPLICATE_METHOD_MATCH = YES;
				COPY_PHASE_STRIP = NO;
				DEAD_CODE_STRIPPING = YES;
				DEBUG_INFORMATION_FORMAT = dwarf;
				ENABLE_STRICT_OBJC_MSGSEND = YES;
				ENABLE_TESTABILITY = YES;
				GCC_C_LANGUAGE_STANDARD = gnu11;
				GCC_DYNAMIC_NO_PIC = NO;
				GCC_NO_COMMON_BLOCKS = YES;
				GCC_OPTIMIZATION_LEVEL = 0;
				GCC_PREPROCESSOR_DEFINITIONS = (
					"DEBUG=1",
					"$(inherited)",
				);
				GCC_WARN_64_TO_32_BIT_CONVERSION = YES;
				GCC_WARN_ABOUT_RETURN_TYPE = YES_ERROR;
				GCC_WARN_UNDECLARED_SELECTOR = YES;
				GCC_WARN_UNINITIALIZED_AUTOS = YES_AGGRESSIVE;
				GCC_WARN_UNUSED_FUNCTION = YES;
				GCC_WARN_UNUSED_VARIABLE = YES;
				MACOSX_DEPLOYMENT_TARGET = 12.3;
				MTL_ENABLE_DEBUG_INFO = INCLUDE_SOURCE;
				MTL_FAST_MATH = YES;
				ONLY_ACTIVE_ARCH = YES;
				SDKROOT = macosx;
			};
			name = Debug;
		};
		D502B982290EFE4000FF8463 /* Release */ = {
			isa = XCBuildConfiguration;
			buildSettings = {
				ALWAYS_SEARCH_USER_PATHS = NO;
				CLANG_ANALYZER_NONNULL = YES;
				CLANG_ANALYZER_NUMBER_OBJECT_CONVERSION = YES_AGGRESSIVE;
				CLANG_CXX_LANGUAGE_STANDARD = "gnu++20";
				CLANG_ENABLE_MODULES = YES;
				CLANG_ENABLE_OBJC_ARC = YES;
				CLANG_ENABLE_OBJC_WEAK = YES;
				CLANG_WARN_BLOCK_CAPTURE_AUTORELEASING = YES;
				CLANG_WARN_BOOL_CONVERSION = YES;
				CLANG_WARN_COMMA = YES;
				CLANG_WARN_CONSTANT_CONVERSION = YES;
				CLANG_WARN_DEPRECATED_OBJC_IMPLEMENTATIONS = YES;
				CLANG_WARN_DIRECT_OBJC_ISA_USAGE = YES_ERROR;
				CLANG_WARN_DOCUMENTATION_COMMENTS = YES;
				CLANG_WARN_EMPTY_BODY = YES;
				CLANG_WARN_ENUM_CONVERSION = YES;
				CLANG_WARN_INFINITE_RECURSION = YES;
				CLANG_WARN_INT_CONVERSION = YES;
				CLANG_WARN_NON_LITERAL_NULL_CONVERSION = YES;
				CLANG_WARN_OBJC_IMPLICIT_RETAIN_SELF = YES;
				CLANG_WARN_OBJC_LITERAL_CONVERSION = YES;
				CLANG_WARN_OBJC_ROOT_CLASS = YES_ERROR;
				CLANG_WARN_QUOTED_INCLUDE_IN_FRAMEWORK_HEADER = YES;
				CLANG_WARN_RANGE_LOOP_ANALYSIS = YES;
				CLANG_WARN_STRICT_PROTOTYPES = YES;
				CLANG_WARN_SUSPICIOUS_MOVE = YES;
				CLANG_WARN_UNGUARDED_AVAILABILITY = YES_AGGRESSIVE;
				CLANG_WARN_UNREACHABLE_CODE = YES;
				CLANG_WARN__DUPLICATE_METHOD_MATCH = YES;
				COPY_PHASE_STRIP = NO;
				DEAD_CODE_STRIPPING = YES;
				DEBUG_INFORMATION_FORMAT = "dwarf-with-dsym";
				ENABLE_NS_ASSERTIONS = NO;
				ENABLE_STRICT_OBJC_MSGSEND = YES;
				GCC_C_LANGUAGE_STANDARD = gnu11;
				GCC_NO_COMMON_BLOCKS = YES;
				GCC_WARN_64_TO_32_BIT_CONVERSION = YES;
				GCC_WARN_ABOUT_RETURN_TYPE = YES_ERROR;
				GCC_WARN_UNDECLARED_SELECTOR = YES;
				GCC_WARN_UNINITIALIZED_AUTOS = YES_AGGRESSIVE;
				GCC_WARN_UNUSED_FUNCTION = YES;
				GCC_WARN_UNUSED_VARIABLE = YES;
				MACOSX_DEPLOYMENT_TARGET = 12.3;
				MTL_ENABLE_DEBUG_INFO = NO;
				MTL_FAST_MATH = YES;
				SDKROOT = macosx;
			};
			name = Release;
		};
		D502B984290EFE4000FF8463 /* Debug */ = {
			isa = XCBuildConfiguration;
			buildSettings = {
				CODE_SIGN_IDENTITY = "-";
				CODE_SIGN_STYLE = Automatic;
				DEAD_CODE_STRIPPING = YES;
				PRODUCT_NAME = "$(TARGET_NAME)";
			};
			name = Debug;
		};
		D502B985290EFE4000FF8463 /* Release */ = {
			isa = XCBuildConfiguration;
			buildSettings = {
				CODE_SIGN_IDENTITY = "-";
				CODE_SIGN_STYLE = Automatic;
				DEAD_CODE_STRIPPING = YES;
				PRODUCT_NAME = "$(TARGET_NAME)";
			};
			name = Release;
		};
		D53561DA2924FFAA008F4DEF /* Debug */ = {
			isa = XCBuildConfiguration;
			buildSettings = {
				CODE_SIGN_STYLE = Automatic;
				MACOSX_DEPLOYMENT_TARGET = 12.3;
				PRODUCT_NAME = "$(TARGET_NAME)";
			};
			name = Debug;
		};
		D53561DB2924FFAA008F4DEF /* Release */ = {
			isa = XCBuildConfiguration;
			buildSettings = {
				CODE_SIGN_STYLE = Automatic;
				MACOSX_DEPLOYMENT_TARGET = 12.3;
				PRODUCT_NAME = "$(TARGET_NAME)";
			};
			name = Release;
		};
/* End XCBuildConfiguration section */

/* Begin XCConfigurationList section */
		D502B977290EFE4000FF8463 /* Build configuration list for PBXProject "OpGL" */ = {
			isa = XCConfigurationList;
			buildConfigurations = (
				D502B981290EFE4000FF8463 /* Debug */,
				D502B982290EFE4000FF8463 /* Release */,
			);
			defaultConfigurationIsVisible = 0;
			defaultConfigurationName = Release;
		};
		D502B983290EFE4000FF8463 /* Build configuration list for PBXNativeTarget "OpGL" */ = {
			isa = XCConfigurationList;
			buildConfigurations = (
				D502B984290EFE4000FF8463 /* Debug */,
				D502B985290EFE4000FF8463 /* Release */,
			);
			defaultConfigurationIsVisible = 0;
			defaultConfigurationName = Release;
		};
		D53561D92924FFAA008F4DEF /* Build configuration list for PBXNativeTarget "Solar" */ = {
			isa = XCConfigurationList;
			buildConfigurations = (
				D53561DA2924FFAA008F4DEF /* Debug */,
				D53561DB2924FFAA008F4DEF /* Release */,
			);
			defaultConfigurationIsVisible = 0;
			defaultConfigurationName = Release;
		};
/* End XCConfigurationList section */
	};
	rootObject = D502B974290EFE4000FF8463 /* Project object */;
}
